{
  "object": {
    "pins": [
      {
        "package": "LivenessCamera",
        "repositoryURL": "https://github.com/rafidoku/liveness",
        "state": {
          "branch": "master",
          "revision": "625a2a76f640ce6187d6b11394112c966e911ff6",
          "version": null
        }
      }
    ]
  },
  "version": 1
}
