{
  "object": {
    "pins": [
      {
        "package": "LivenessCamera",
        "repositoryURL": "https://github.com/rafidoku/liveness",
        "state": {
          "branch": "master",
          "revision": "457ca7b0724da293b882198919df23907776f721",
          "version": null
        }
      }
    ]
  },
  "version": 1
}
