{
  "object": {
    "pins": [
      {
        "package": "LivenessCamera",
        "repositoryURL": "https://github.com/rafidoku/liveness",
        "state": {
          "branch": "master",
          "revision": "e7bbd74ad7dc96d90e47261a0f0dc9a91f11db4d",
          "version": null
        }
      }
    ]
  },
  "version": 1
}
